
Microsoft Visual Studio Solution File, Format Version 12.00
# Visual Studio Version 17
VisualStudioVersion = 17.6.33801.468
MinimumVisualStudioVersion = 10.0.40219.1
Project("{FAE04EC0-301F-11D3-BF4B-00C04F79EFBC}") = "linq-task", "linq-task\linq-task.csproj", "{FF770F2E-B49D-4117-8D7A-19B67BB0F894}"
EndProject
Global
	GlobalSection(SolutionConfigurationPlatforms) = preSolution
		Debug|Any CPU = Debug|Any CPU
		Release|Any CPU = Release|Any CPU
	EndGlobalSection
	GlobalSection(ProjectConfigurationPlatforms) = postSolution
		{FF770F2E-B49D-4117-8D7A-19B67BB0F894}.Debug|Any CPU.ActiveCfg = Debug|Any CPU
		{FF770F2E-B49D-4117-8D7A-19B67BB0F894}.Debug|Any CPU.Build.0 = Debug|Any CPU
		{FF770F2E-B49D-4117-8D7A-19B67BB0F894}.Release|Any CPU.ActiveCfg = Release|Any CPU
		{FF770F2E-B49D-4117-8D7A-19B67BB0F894}.Release|Any CPU.Build.0 = Release|Any CPU
	EndGlobalSection
	GlobalSection(SolutionProperties) = preSolution
		HideSolutionNode = FALSE
	EndGlobalSection
	GlobalSection(ExtensibilityGlobals) = postSolution
		SolutionGuid = {E226FCEC-B03A-4A61-BA24-A515EB856096}
	EndGlobalSection
EndGlobal
