
Microsoft Visual Studio Solution File, Format Version 12.00
# Visual Studio Version 17
VisualStudioVersion = 17.6.33723.286
MinimumVisualStudioVersion = 10.0.40219.1
Project("{FAE04EC0-301F-11D3-BF4B-00C04F79EFBC}") = "VireshSirTask", "VireshSirTask\VireshSirTask.csproj", "{3DA64979-4CF3-4F2E-92DD-3D75BE5F5392}"
EndProject
Global
	GlobalSection(SolutionConfigurationPlatforms) = preSolution
		Debug|Any CPU = Debug|Any CPU
		Release|Any CPU = Release|Any CPU
	EndGlobalSection
	GlobalSection(ProjectConfigurationPlatforms) = postSolution
		{3DA64979-4CF3-4F2E-92DD-3D75BE5F5392}.Debug|Any CPU.ActiveCfg = Debug|Any CPU
		{3DA64979-4CF3-4F2E-92DD-3D75BE5F5392}.Debug|Any CPU.Build.0 = Debug|Any CPU
		{3DA64979-4CF3-4F2E-92DD-3D75BE5F5392}.Release|Any CPU.ActiveCfg = Release|Any CPU
		{3DA64979-4CF3-4F2E-92DD-3D75BE5F5392}.Release|Any CPU.Build.0 = Release|Any CPU
	EndGlobalSection
	GlobalSection(SolutionProperties) = preSolution
		HideSolutionNode = FALSE
	EndGlobalSection
	GlobalSection(ExtensibilityGlobals) = postSolution
		SolutionGuid = {056BA61E-81D4-42F6-915D-89C8180D7F9C}
	EndGlobalSection
EndGlobal
