
Microsoft Visual Studio Solution File, Format Version 12.00
# Visual Studio Version 17
VisualStudioVersion = 17.4.33205.214
MinimumVisualStudioVersion = 10.0.40219.1
Project("{FAE04EC0-301F-11D3-BF4B-00C04F79EFBC}") = "EFCoreWeb", "EFCoreWeb\EFCoreWeb.csproj", "{874AF62D-C050-44D8-82F1-BF228739B7E1}"
EndProject
Project("{FAE04EC0-301F-11D3-BF4B-00C04F79EFBC}") = "EFCoreAPI", "EFCoreAPI\EFCoreAPI.csproj", "{FBE1C02F-9459-4F93-ABB0-73CF7D4DC541}"
EndProject
Project("{FAE04EC0-301F-11D3-BF4B-00C04F79EFBC}") = "EFCoreRepository", "EFCoreRepository\EFCoreRepository.csproj", "{AA5482A5-C6AE-4DF5-8C2F-AE42A52196BF}"
EndProject
Project("{FAE04EC0-301F-11D3-BF4B-00C04F79EFBC}") = "EFCoreModels", "EFCoreModels\EFCoreModels.csproj", "{F8ABD758-EE88-47A7-ADB9-C9754CF98E53}"
EndProject
Project("{FAE04EC0-301F-11D3-BF4B-00C04F79EFBC}") = "EFCoreServices", "EFCoreServices\EFCoreServices.csproj", "{D587A173-D4D5-429A-A6C5-FE337AD0AD50}"
EndProject
Global
	GlobalSection(SolutionConfigurationPlatforms) = preSolution
		Debug|Any CPU = Debug|Any CPU
		Release|Any CPU = Release|Any CPU
	EndGlobalSection
	GlobalSection(ProjectConfigurationPlatforms) = postSolution
		{874AF62D-C050-44D8-82F1-BF228739B7E1}.Debug|Any CPU.ActiveCfg = Debug|Any CPU
		{874AF62D-C050-44D8-82F1-BF228739B7E1}.Debug|Any CPU.Build.0 = Debug|Any CPU
		{874AF62D-C050-44D8-82F1-BF228739B7E1}.Release|Any CPU.ActiveCfg = Release|Any CPU
		{874AF62D-C050-44D8-82F1-BF228739B7E1}.Release|Any CPU.Build.0 = Release|Any CPU
		{FBE1C02F-9459-4F93-ABB0-73CF7D4DC541}.Debug|Any CPU.ActiveCfg = Debug|Any CPU
		{FBE1C02F-9459-4F93-ABB0-73CF7D4DC541}.Debug|Any CPU.Build.0 = Debug|Any CPU
		{FBE1C02F-9459-4F93-ABB0-73CF7D4DC541}.Release|Any CPU.ActiveCfg = Release|Any CPU
		{FBE1C02F-9459-4F93-ABB0-73CF7D4DC541}.Release|Any CPU.Build.0 = Release|Any CPU
		{AA5482A5-C6AE-4DF5-8C2F-AE42A52196BF}.Debug|Any CPU.ActiveCfg = Debug|Any CPU
		{AA5482A5-C6AE-4DF5-8C2F-AE42A52196BF}.Debug|Any CPU.Build.0 = Debug|Any CPU
		{AA5482A5-C6AE-4DF5-8C2F-AE42A52196BF}.Release|Any CPU.ActiveCfg = Release|Any CPU
		{AA5482A5-C6AE-4DF5-8C2F-AE42A52196BF}.Release|Any CPU.Build.0 = Release|Any CPU
		{F8ABD758-EE88-47A7-ADB9-C9754CF98E53}.Debug|Any CPU.ActiveCfg = Debug|Any CPU
		{F8ABD758-EE88-47A7-ADB9-C9754CF98E53}.Debug|Any CPU.Build.0 = Debug|Any CPU
		{F8ABD758-EE88-47A7-ADB9-C9754CF98E53}.Release|Any CPU.ActiveCfg = Release|Any CPU
		{F8ABD758-EE88-47A7-ADB9-C9754CF98E53}.Release|Any CPU.Build.0 = Release|Any CPU
		{D587A173-D4D5-429A-A6C5-FE337AD0AD50}.Debug|Any CPU.ActiveCfg = Debug|Any CPU
		{D587A173-D4D5-429A-A6C5-FE337AD0AD50}.Debug|Any CPU.Build.0 = Debug|Any CPU
		{D587A173-D4D5-429A-A6C5-FE337AD0AD50}.Release|Any CPU.ActiveCfg = Release|Any CPU
		{D587A173-D4D5-429A-A6C5-FE337AD0AD50}.Release|Any CPU.Build.0 = Release|Any CPU
	EndGlobalSection
	GlobalSection(SolutionProperties) = preSolution
		HideSolutionNode = FALSE
	EndGlobalSection
	GlobalSection(ExtensibilityGlobals) = postSolution
		SolutionGuid = {C804AA82-2CCF-41A3-B89A-C2735D5BBB0B}
	EndGlobalSection
EndGlobal
